
Microsoft Visual Studio Solution File, Format Version 12.00
# Visual Studio Version 16
VisualStudioVersion = 16.0.30611.23
MinimumVisualStudioVersion = 10.0.40219.1
Project("{9A19103F-16F7-4668-BE54-9A1E7A4F7556}") = "Day1", "Day1\Day1.csproj", "{F173CDED-463F-4D50-A736-820638FCF621}"
EndProject
Project("{9A19103F-16F7-4668-BE54-9A1E7A4F7556}") = "Day2", "Day2\Day2.csproj", "{D49589DE-D1A5-4AEE-A70A-0D0D616EF6E4}"
EndProject
Project("{9A19103F-16F7-4668-BE54-9A1E7A4F7556}") = "Day3", "Day3\Day3.csproj", "{B580EC39-25AF-490D-9D14-907BF72EED58}"
EndProject
Project("{9A19103F-16F7-4668-BE54-9A1E7A4F7556}") = "Day4", "Day4\Day4.csproj", "{DA622D52-CFE3-478D-B9F8-18DF055E1ADA}"
EndProject
Project("{9A19103F-16F7-4668-BE54-9A1E7A4F7556}") = "Day5", "Day5\Day5.csproj", "{875EC8D8-F770-4262-B43A-DF97767167A7}"
EndProject
Project("{9A19103F-16F7-4668-BE54-9A1E7A4F7556}") = "Day6", "Day6\Day6.csproj", "{59887B61-3B72-4150-9F7C-3E006BFC1542}"
EndProject
Project("{9A19103F-16F7-4668-BE54-9A1E7A4F7556}") = "Day7", "Day7\Day7.csproj", "{07460DF3-3D39-40BD-A177-33FBDDE7F709}"
EndProject
Project("{9A19103F-16F7-4668-BE54-9A1E7A4F7556}") = "TicTacToe", "TicTacToe\TicTacToe.csproj", "{7D1F575A-6EC2-4C81-B677-856BED8470DD}"
EndProject
Project("{9A19103F-16F7-4668-BE54-9A1E7A4F7556}") = "Day8", "Day8\Day8.csproj", "{CB90F64F-9167-4775-9833-653229A54527}"
EndProject
Project("{FAE04EC0-301F-11D3-BF4B-00C04F79EFBC}") = "Day9", "Day9\Day9.csproj", "{F4562AB4-8A10-421A-8A52-19394858425C}"
EndProject
Global
	GlobalSection(SolutionConfigurationPlatforms) = preSolution
		Debug|Any CPU = Debug|Any CPU
		Release|Any CPU = Release|Any CPU
	EndGlobalSection
	GlobalSection(ProjectConfigurationPlatforms) = postSolution
		{F173CDED-463F-4D50-A736-820638FCF621}.Debug|Any CPU.ActiveCfg = Debug|Any CPU
		{F173CDED-463F-4D50-A736-820638FCF621}.Debug|Any CPU.Build.0 = Debug|Any CPU
		{F173CDED-463F-4D50-A736-820638FCF621}.Release|Any CPU.ActiveCfg = Release|Any CPU
		{F173CDED-463F-4D50-A736-820638FCF621}.Release|Any CPU.Build.0 = Release|Any CPU
		{D49589DE-D1A5-4AEE-A70A-0D0D616EF6E4}.Debug|Any CPU.ActiveCfg = Debug|Any CPU
		{D49589DE-D1A5-4AEE-A70A-0D0D616EF6E4}.Debug|Any CPU.Build.0 = Debug|Any CPU
		{D49589DE-D1A5-4AEE-A70A-0D0D616EF6E4}.Release|Any CPU.ActiveCfg = Release|Any CPU
		{D49589DE-D1A5-4AEE-A70A-0D0D616EF6E4}.Release|Any CPU.Build.0 = Release|Any CPU
		{B580EC39-25AF-490D-9D14-907BF72EED58}.Debug|Any CPU.ActiveCfg = Debug|Any CPU
		{B580EC39-25AF-490D-9D14-907BF72EED58}.Debug|Any CPU.Build.0 = Debug|Any CPU
		{B580EC39-25AF-490D-9D14-907BF72EED58}.Release|Any CPU.ActiveCfg = Release|Any CPU
		{B580EC39-25AF-490D-9D14-907BF72EED58}.Release|Any CPU.Build.0 = Release|Any CPU
		{DA622D52-CFE3-478D-B9F8-18DF055E1ADA}.Debug|Any CPU.ActiveCfg = Debug|Any CPU
		{DA622D52-CFE3-478D-B9F8-18DF055E1ADA}.Debug|Any CPU.Build.0 = Debug|Any CPU
		{DA622D52-CFE3-478D-B9F8-18DF055E1ADA}.Release|Any CPU.ActiveCfg = Release|Any CPU
		{DA622D52-CFE3-478D-B9F8-18DF055E1ADA}.Release|Any CPU.Build.0 = Release|Any CPU
		{875EC8D8-F770-4262-B43A-DF97767167A7}.Debug|Any CPU.ActiveCfg = Debug|Any CPU
		{875EC8D8-F770-4262-B43A-DF97767167A7}.Debug|Any CPU.Build.0 = Debug|Any CPU
		{875EC8D8-F770-4262-B43A-DF97767167A7}.Release|Any CPU.ActiveCfg = Release|Any CPU
		{875EC8D8-F770-4262-B43A-DF97767167A7}.Release|Any CPU.Build.0 = Release|Any CPU
		{59887B61-3B72-4150-9F7C-3E006BFC1542}.Debug|Any CPU.ActiveCfg = Debug|Any CPU
		{59887B61-3B72-4150-9F7C-3E006BFC1542}.Debug|Any CPU.Build.0 = Debug|Any CPU
		{59887B61-3B72-4150-9F7C-3E006BFC1542}.Release|Any CPU.ActiveCfg = Release|Any CPU
		{59887B61-3B72-4150-9F7C-3E006BFC1542}.Release|Any CPU.Build.0 = Release|Any CPU
		{07460DF3-3D39-40BD-A177-33FBDDE7F709}.Debug|Any CPU.ActiveCfg = Debug|Any CPU
		{07460DF3-3D39-40BD-A177-33FBDDE7F709}.Debug|Any CPU.Build.0 = Debug|Any CPU
		{07460DF3-3D39-40BD-A177-33FBDDE7F709}.Release|Any CPU.ActiveCfg = Release|Any CPU
		{07460DF3-3D39-40BD-A177-33FBDDE7F709}.Release|Any CPU.Build.0 = Release|Any CPU
		{7D1F575A-6EC2-4C81-B677-856BED8470DD}.Debug|Any CPU.ActiveCfg = Debug|Any CPU
		{7D1F575A-6EC2-4C81-B677-856BED8470DD}.Debug|Any CPU.Build.0 = Debug|Any CPU
		{7D1F575A-6EC2-4C81-B677-856BED8470DD}.Release|Any CPU.ActiveCfg = Release|Any CPU
		{7D1F575A-6EC2-4C81-B677-856BED8470DD}.Release|Any CPU.Build.0 = Release|Any CPU
		{CB90F64F-9167-4775-9833-653229A54527}.Debug|Any CPU.ActiveCfg = Debug|Any CPU
		{CB90F64F-9167-4775-9833-653229A54527}.Debug|Any CPU.Build.0 = Debug|Any CPU
		{CB90F64F-9167-4775-9833-653229A54527}.Release|Any CPU.ActiveCfg = Release|Any CPU
		{CB90F64F-9167-4775-9833-653229A54527}.Release|Any CPU.Build.0 = Release|Any CPU
		{F4562AB4-8A10-421A-8A52-19394858425C}.Debug|Any CPU.ActiveCfg = Debug|Any CPU
		{F4562AB4-8A10-421A-8A52-19394858425C}.Debug|Any CPU.Build.0 = Debug|Any CPU
		{F4562AB4-8A10-421A-8A52-19394858425C}.Release|Any CPU.ActiveCfg = Release|Any CPU
		{F4562AB4-8A10-421A-8A52-19394858425C}.Release|Any CPU.Build.0 = Release|Any CPU
	EndGlobalSection
	GlobalSection(SolutionProperties) = preSolution
		HideSolutionNode = FALSE
	EndGlobalSection
	GlobalSection(ExtensibilityGlobals) = postSolution
		SolutionGuid = {C4738A2B-44F0-44CD-A0E6-0B0759674E66}
	EndGlobalSection
EndGlobal
